// !$*UTF8*$!
{
	archiveVersion = 1;
	classes = {
	};
	objectVersion = 46;
	objects = {

/* Begin PBXBuildFile section */
		82E90CA0F6964B7FE78ED8A4 /* Pods_fbloginSample.framework in Frameworks */ = {isa = PBXBuildFile; fileRef = D8CF0C0F3363699D95FD74B3 /* Pods_fbloginSample.framework */; };
		8F826A2E1D58CCBC00C95842 /* GoogleService-Info.plist in Resources */ = {isa = PBXBuildFile; fileRef = 8F826A2D1D58CCBC00C95842 /* GoogleService-Info.plist */; };
		8FB4F16C1D58BEED00BAB3AD /* AppDelegate.swift in Sources */ = {isa = PBXBuildFile; fileRef = 8FB4F16B1D58BEED00BAB3AD /* AppDelegate.swift */; };
		8FB4F16E1D58BEED00BAB3AD /* ViewController.swift in Sources */ = {isa = PBXBuildFile; fileRef = 8FB4F16D1D58BEED00BAB3AD /* ViewController.swift */; };
		8FB4F1711D58BEED00BAB3AD /* Main.storyboard in Resources */ = {isa = PBXBuildFile; fileRef = 8FB4F16F1D58BEED00BAB3AD /* Main.storyboard */; };
		8FB4F1731D58BEED00BAB3AD /* Assets.xcassets in Resources */ = {isa = PBXBuildFile; fileRef = 8FB4F1721D58BEED00BAB3AD /* Assets.xcassets */; };
		8FB4F1761D58BEED00BAB3AD /* LaunchScreen.storyboard in Resources */ = {isa = PBXBuildFile; fileRef = 8FB4F1741D58BEED00BAB3AD /* LaunchScreen.storyboard */; };
		8FB4F1811D58C01500BAB3AD /* FBSDKCoreKit.framework in Frameworks */ = {isa = PBXBuildFile; fileRef = 8FB4F17E1D58C01500BAB3AD /* FBSDKCoreKit.framework */; };
		8FB4F1821D58C01500BAB3AD /* FBSDKLoginKit.framework in Frameworks */ = {isa = PBXBuildFile; fileRef = 8FB4F17F1D58C01500BAB3AD /* FBSDKLoginKit.framework */; };
		8FB4F1831D58C01500BAB3AD /* FBSDKShareKit.framework in Frameworks */ = {isa = PBXBuildFile; fileRef = 8FB4F1801D58C01500BAB3AD /* FBSDKShareKit.framework */; };
/* End PBXBuildFile section */

/* Begin PBXFileReference section */
		8F826A2D1D58CCBC00C95842 /* GoogleService-Info.plist */ = {isa = PBXFileReference; fileEncoding = 4; lastKnownFileType = text.plist.xml; path = "GoogleService-Info.plist"; sourceTree = "<group>"; };
		8FB4F1681D58BEED00BAB3AD /* fbloginSample.app */ = {isa = PBXFileReference; explicitFileType = wrapper.application; includeInIndex = 0; path = fbloginSample.app; sourceTree = BUILT_PRODUCTS_DIR; };
		8FB4F16B1D58BEED00BAB3AD /* AppDelegate.swift */ = {isa = PBXFileReference; lastKnownFileType = sourcecode.swift; path = AppDelegate.swift; sourceTree = "<group>"; };
		8FB4F16D1D58BEED00BAB3AD /* ViewController.swift */ = {isa = PBXFileReference; lastKnownFileType = sourcecode.swift; path = ViewController.swift; sourceTree = "<group>"; };
		8FB4F1701D58BEED00BAB3AD /* Base */ = {isa = PBXFileReference; lastKnownFileType = file.storyboard; name = Base; path = Base.lproj/Main.storyboard; sourceTree = "<group>"; };
		8FB4F1721D58BEED00BAB3AD /* Assets.xcassets */ = {isa = PBXFileReference; lastKnownFileType = folder.assetcatalog; path = Assets.xcassets; sourceTree = "<group>"; };
		8FB4F1751D58BEED00BAB3AD /* Base */ = {isa = PBXFileReference; lastKnownFileType = file.storyboard; name = Base; path = Base.lproj/LaunchScreen.storyboard; sourceTree = "<group>"; };
		8FB4F1771D58BEED00BAB3AD /* Info.plist */ = {isa = PBXFileReference; lastKnownFileType = text.plist.xml; path = Info.plist; sourceTree = "<group>"; };
		8FB4F17E1D58C01500BAB3AD /* FBSDKCoreKit.framework */ = {isa = PBXFileReference; lastKnownFileType = wrapper.framework; path = FBSDKCoreKit.framework; sourceTree = "<group>"; };
		8FB4F17F1D58C01500BAB3AD /* FBSDKLoginKit.framework */ = {isa = PBXFileReference; lastKnownFileType = wrapper.framework; path = FBSDKLoginKit.framework; sourceTree = "<group>"; };
		8FB4F1801D58C01500BAB3AD /* FBSDKShareKit.framework */ = {isa = PBXFileReference; lastKnownFileType = wrapper.framework; path = FBSDKShareKit.framework; sourceTree = "<group>"; };
		8FB4F1851D58C27300BAB3AD /* Bridging-Header.h */ = {isa = PBXFileReference; lastKnownFileType = sourcecode.c.h; path = "Bridging-Header.h"; sourceTree = "<group>"; };
		D8CF0C0F3363699D95FD74B3 /* Pods_fbloginSample.framework */ = {isa = PBXFileReference; explicitFileType = wrapper.framework; includeInIndex = 0; path = Pods_fbloginSample.framework; sourceTree = BUILT_PRODUCTS_DIR; };
		E525F94FE173B1F5DA58BEB3 /* Pods-fbloginSample.release.xcconfig */ = {isa = PBXFileReference; includeInIndex = 1; lastKnownFileType = text.xcconfig; name = "Pods-fbloginSample.release.xcconfig"; path = "Pods/Target Support Files/Pods-fbloginSample/Pods-fbloginSample.release.xcconfig"; sourceTree = "<group>"; };
		F1797FF49F46E3585113FBCC /* Pods-fbloginSample.debug.xcconfig */ = {isa = PBXFileReference; includeInIndex = 1; lastKnownFileType = text.xcconfig; name = "Pods-fbloginSample.debug.xcconfig"; path = "Pods/Target Support Files/Pods-fbloginSample/Pods-fbloginSample.debug.xcconfig"; sourceTree = "<group>"; };
/* End PBXFileReference section */

/* Begin PBXFrameworksBuildPhase section */
		8FB4F1651D58BEED00BAB3AD /* Frameworks */ = {
			isa = PBXFrameworksBuildPhase;
			buildActionMask = 2147483647;
			files = (
				8FB4F1821D58C01500BAB3AD /* FBSDKLoginKit.framework in Frameworks */,
				8FB4F1811D58C01500BAB3AD /* FBSDKCoreKit.framework in Frameworks */,
				8FB4F1831D58C01500BAB3AD /* FBSDKShareKit.framework in Frameworks */,
				82E90CA0F6964B7FE78ED8A4 /* Pods_fbloginSample.framework in Frameworks */,
			);
			runOnlyForDeploymentPostprocessing = 0;
		};
/* End PBXFrameworksBuildPhase section */

/* Begin PBXGroup section */
		02ED655F765503B389DEF789 /* Frameworks */ = {
			isa = PBXGroup;
			children = (
				D8CF0C0F3363699D95FD74B3 /* Pods_fbloginSample.framework */,
			);
			name = Frameworks;
			sourceTree = "<group>";
		};
		8694CBCCD4486AB22C90FBCE /* Pods */ = {
			isa = PBXGroup;
			children = (
				F1797FF49F46E3585113FBCC /* Pods-fbloginSample.debug.xcconfig */,
				E525F94FE173B1F5DA58BEB3 /* Pods-fbloginSample.release.xcconfig */,
			);
			name = Pods;
			sourceTree = "<group>";
		};
		8FB4F15F1D58BEED00BAB3AD = {
			isa = PBXGroup;
			children = (
				8F826A2D1D58CCBC00C95842 /* GoogleService-Info.plist */,
				8FB4F17D1D58C00200BAB3AD /* Framework */,
				8FB4F16A1D58BEED00BAB3AD /* fbloginSample */,
				8FB4F1691D58BEED00BAB3AD /* Products */,
				8694CBCCD4486AB22C90FBCE /* Pods */,
				02ED655F765503B389DEF789 /* Frameworks */,
			);
			sourceTree = "<group>";
		};
		8FB4F1691D58BEED00BAB3AD /* Products */ = {
			isa = PBXGroup;
			children = (
				8FB4F1681D58BEED00BAB3AD /* fbloginSample.app */,
			);
			name = Products;
			sourceTree = "<group>";
		};
		8FB4F16A1D58BEED00BAB3AD /* fbloginSample */ = {
			isa = PBXGroup;
			children = (
				8FB4F16B1D58BEED00BAB3AD /* AppDelegate.swift */,
				8FB4F16D1D58BEED00BAB3AD /* ViewController.swift */,
				8FB4F16F1D58BEED00BAB3AD /* Main.storyboard */,
				8FB4F1721D58BEED00BAB3AD /* Assets.xcassets */,
				8FB4F1741D58BEED00BAB3AD /* LaunchScreen.storyboard */,
				8FB4F1771D58BEED00BAB3AD /* Info.plist */,
				8FB4F1851D58C27300BAB3AD /* Bridging-Header.h */,
			);
			path = fbloginSample;
			sourceTree = "<group>";
		};
		8FB4F17D1D58C00200BAB3AD /* Framework */ = {
			isa = PBXGroup;
			children = (
				8FB4F17E1D58C01500BAB3AD /* FBSDKCoreKit.framework */,
				8FB4F17F1D58C01500BAB3AD /* FBSDKLoginKit.framework */,
				8FB4F1801D58C01500BAB3AD /* FBSDKShareKit.framework */,
			);
			name = Framework;
			sourceTree = "<group>";
		};
/* End PBXGroup section */

/* Begin PBXNativeTarget section */
		8FB4F1671D58BEED00BAB3AD /* fbloginSample */ = {
			isa = PBXNativeTarget;
			buildConfigurationList = 8FB4F17A1D58BEED00BAB3AD /* Build configuration list for PBXNativeTarget "fbloginSample" */;
			buildPhases = (
				3767DBF1CEF85E228A61F0A6 /* [CP] Check Pods Manifest.lock */,
				8FB4F1641D58BEED00BAB3AD /* Sources */,
				8FB4F1651D58BEED00BAB3AD /* Frameworks */,
				8FB4F1661D58BEED00BAB3AD /* Resources */,
				A754DDAA885CDD7D335EF141 /* [CP] Embed Pods Frameworks */,
				2E7C18A0249826805FFE6617 /* [CP] Copy Pods Resources */,
			);
			buildRules = (
			);
			dependencies = (
			);
			name = fbloginSample;
			productName = fbloginSample;
			productReference = 8FB4F1681D58BEED00BAB3AD /* fbloginSample.app */;
			productType = "com.apple.product-type.application";
		};
/* End PBXNativeTarget section */

/* Begin PBXProject section */
		8FB4F1601D58BEED00BAB3AD /* Project object */ = {
			isa = PBXProject;
			attributes = {
				LastSwiftUpdateCheck = 0730;
				LastUpgradeCheck = 0730;
				ORGANIZATIONNAME = tarar;
				TargetAttributes = {
					8FB4F1671D58BEED00BAB3AD = {
						CreatedOnToolsVersion = 7.3.1;
					};
				};
			};
			buildConfigurationList = 8FB4F1631D58BEED00BAB3AD /* Build configuration list for PBXProject "fbloginSample" */;
			compatibilityVersion = "Xcode 3.2";
			developmentRegion = English;
			hasScannedForEncodings = 0;
			knownRegions = (
				en,
				Base,
			);
			mainGroup = 8FB4F15F1D58BEED00BAB3AD;
			productRefGroup = 8FB4F1691D58BEED00BAB3AD /* Products */;
			projectDirPath = "";
			projectRoot = "";
			targets = (
				8FB4F1671D58BEED00BAB3AD /* fbloginSample */,
			);
		};
/* End PBXProject section */

/* Begin PBXResourcesBuildPhase section */
		8FB4F1661D58BEED00BAB3AD /* Resources */ = {
			isa = PBXResourcesBuildPhase;
			buildActionMask = 2147483647;
			files = (
				8FB4F1761D58BEED00BAB3AD /* LaunchScreen.storyboard in Resources */,
				8F826A2E1D58CCBC00C95842 /* GoogleService-Info.plist in Resources */,
				8FB4F1731D58BEED00BAB3AD /* Assets.xcassets in Resources */,
				8FB4F1711D58BEED00BAB3AD /* Main.storyboard in Resources */,
			);
			runOnlyForDeploymentPostprocessing = 0;
		};
/* End PBXResourcesBuildPhase section */

/* Begin PBXShellScriptBuildPhase section */
		2E7C18A0249826805FFE6617 /* [CP] Copy Pods Resources */ = {
			isa = PBXShellScriptBuildPhase;
			buildActionMask = 2147483647;
			files = (
			);
			inputPaths = (
			);
			name = "[CP] Copy Pods Resources";
			outputPaths = (
			);
			runOnlyForDeploymentPostprocessing = 0;
			shellPath = /bin/sh;
			shellScript = "\"${SRCROOT}/Pods/Target Support Files/Pods-fbloginSample/Pods-fbloginSample-resources.sh\"\n";
			showEnvVarsInLog = 0;
		};
		3767DBF1CEF85E228A61F0A6 /* [CP] Check Pods Manifest.lock */ = {
			isa = PBXShellScriptBuildPhase;
			buildActionMask = 2147483647;
			files = (
			);
			inputPaths = (
			);
			name = "[CP] Check Pods Manifest.lock";
			outputPaths = (
			);
			runOnlyForDeploymentPostprocessing = 0;
			shellPath = /bin/sh;
			shellScript = "diff \"${PODS_ROOT}/../Podfile.lock\" \"${PODS_ROOT}/Manifest.lock\" > /dev/null\nif [[ $? != 0 ]] ; then\n    cat << EOM\nerror: The sandbox is not in sync with the Podfile.lock. Run 'pod install' or update your CocoaPods installation.\nEOM\n    exit 1\nfi\n";
			showEnvVarsInLog = 0;
		};
		A754DDAA885CDD7D335EF141 /* [CP] Embed Pods Frameworks */ = {
			isa = PBXShellScriptBuildPhase;
			buildActionMask = 2147483647;
			files = (
			);
			inputPaths = (
			);
			name = "[CP] Embed Pods Frameworks";
			outputPaths = (
			);
			runOnlyForDeploymentPostprocessing = 0;
			shellPath = /bin/sh;
			shellScript = "\"${SRCROOT}/Pods/Target Support Files/Pods-fbloginSample/Pods-fbloginSample-frameworks.sh\"\n";
			showEnvVarsInLog = 0;
		};
/* End PBXShellScriptBuildPhase section */

/* Begin PBXSourcesBuildPhase section */
		8FB4F1641D58BEED00BAB3AD /* Sources */ = {
			isa = PBXSourcesBuildPhase;
			buildActionMask = 2147483647;
			files = (
				8FB4F16E1D58BEED00BAB3AD /* ViewController.swift in Sources */,
				8FB4F16C1D58BEED00BAB3AD /* AppDelegate.swift in Sources */,
			);
			runOnlyForDeploymentPostprocessing = 0;
		};
/* End PBXSourcesBuildPhase section */

/* Begin PBXVariantGroup section */
		8FB4F16F1D58BEED00BAB3AD /* Main.storyboard */ = {
			isa = PBXVariantGroup;
			children = (
				8FB4F1701D58BEED00BAB3AD /* Base */,
			);
			name = Main.storyboard;
			sourceTree = "<group>";
		};
		8FB4F1741D58BEED00BAB3AD /* LaunchScreen.storyboard */ = {
			isa = PBXVariantGroup;
			children = (
				8FB4F1751D58BEED00BAB3AD /* Base */,
			);
			name = LaunchScreen.storyboard;
			sourceTree = "<group>";
		};
/* End PBXVariantGroup section */

/* Begin XCBuildConfiguration section */
		8FB4F1781D58BEED00BAB3AD /* Debug */ = {
			isa = XCBuildConfiguration;
			buildSettings = {
				ALWAYS_SEARCH_USER_PATHS = NO;
				CLANG_ANALYZER_NONNULL = YES;
				CLANG_CXX_LANGUAGE_STANDARD = "gnu++0x";
				CLANG_CXX_LIBRARY = "libc++";
				CLANG_ENABLE_MODULES = YES;
				CLANG_ENABLE_OBJC_ARC = YES;
				CLANG_WARN_BOOL_CONVERSION = YES;
				CLANG_WARN_CONSTANT_CONVERSION = YES;
				CLANG_WARN_DIRECT_OBJC_ISA_USAGE = YES_ERROR;
				CLANG_WARN_EMPTY_BODY = YES;
				CLANG_WARN_ENUM_CONVERSION = YES;
				CLANG_WARN_INT_CONVERSION = YES;
				CLANG_WARN_OBJC_ROOT_CLASS = YES_ERROR;
				CLANG_WARN_UNREACHABLE_CODE = YES;
				CLANG_WARN__DUPLICATE_METHOD_MATCH = YES;
				"CODE_SIGN_IDENTITY[sdk=iphoneos*]" = "iPhone Developer";
				COPY_PHASE_STRIP = NO;
				DEBUG_INFORMATION_FORMAT = dwarf;
				ENABLE_STRICT_OBJC_MSGSEND = YES;
				ENABLE_TESTABILITY = YES;
				GCC_C_LANGUAGE_STANDARD = gnu99;
				GCC_DYNAMIC_NO_PIC = NO;
				GCC_NO_COMMON_BLOCKS = YES;
				GCC_OPTIMIZATION_LEVEL = 0;
				GCC_PREPROCESSOR_DEFINITIONS = (
					"DEBUG=1",
					"$(inherited)",
				);
				GCC_WARN_64_TO_32_BIT_CONVERSION = YES;
				GCC_WARN_ABOUT_RETURN_TYPE = YES_ERROR;
				GCC_WARN_UNDECLARED_SELECTOR = YES;
				GCC_WARN_UNINITIALIZED_AUTOS = YES_AGGRESSIVE;
				GCC_WARN_UNUSED_FUNCTION = YES;
				GCC_WARN_UNUSED_VARIABLE = YES;
				IPHONEOS_DEPLOYMENT_TARGET = 9.3;
				MTL_ENABLE_DEBUG_INFO = YES;
				ONLY_ACTIVE_ARCH = YES;
				SDKROOT = iphoneos;
				SWIFT_OPTIMIZATION_LEVEL = "-Onone";
			};
			name = Debug;
		};
		8FB4F1791D58BEED00BAB3AD /* Release */ = {
			isa = XCBuildConfiguration;
			buildSettings = {
				ALWAYS_SEARCH_USER_PATHS = NO;
				CLANG_ANALYZER_NONNULL = YES;
				CLANG_CXX_LANGUAGE_STANDARD = "gnu++0x";
				CLANG_CXX_LIBRARY = "libc++";
				CLANG_ENABLE_MODULES = YES;
				CLANG_ENABLE_OBJC_ARC = YES;
				CLANG_WARN_BOOL_CONVERSION = YES;
				CLANG_WARN_CONSTANT_CONVERSION = YES;
				CLANG_WARN_DIRECT_OBJC_ISA_USAGE = YES_ERROR;
				CLANG_WARN_EMPTY_BODY = YES;
				CLANG_WARN_ENUM_CONVERSION = YES;
				CLANG_WARN_INT_CONVERSION = YES;
				CLANG_WARN_OBJC_ROOT_CLASS = YES_ERROR;
				CLANG_WARN_UNREACHABLE_CODE = YES;
				CLANG_WARN__DUPLICATE_METHOD_MATCH = YES;
				"CODE_SIGN_IDENTITY[sdk=iphoneos*]" = "iPhone Developer";
				COPY_PHASE_STRIP = NO;
				DEBUG_INFORMATION_FORMAT = "dwarf-with-dsym";
				ENABLE_NS_ASSERTIONS = NO;
				ENABLE_STRICT_OBJC_MSGSEND = YES;
				GCC_C_LANGUAGE_STANDARD = gnu99;
				GCC_NO_COMMON_BLOCKS = YES;
				GCC_WARN_64_TO_32_BIT_CONVERSION = YES;
				GCC_WARN_ABOUT_RETURN_TYPE = YES_ERROR;
				GCC_WARN_UNDECLARED_SELECTOR = YES;
				GCC_WARN_UNINITIALIZED_AUTOS = YES_AGGRESSIVE;
				GCC_WARN_UNUSED_FUNCTION = YES;
				GCC_WARN_UNUSED_VARIABLE = YES;
				IPHONEOS_DEPLOYMENT_TARGET = 9.3;
				MTL_ENABLE_DEBUG_INFO = NO;
				SDKROOT = iphoneos;
				VALIDATE_PRODUCT = YES;
			};
			name = Release;
		};
		8FB4F17B1D58BEED00BAB3AD /* Debug */ = {
			isa = XCBuildConfiguration;
			baseConfigurationReference = F1797FF49F46E3585113FBCC /* Pods-fbloginSample.debug.xcconfig */;
			buildSettings = {
				ASSETCATALOG_COMPILER_APPICON_NAME = AppIcon;
				FRAMEWORK_SEARCH_PATHS = "~/Documents/FacebookSDKs-iOS-4-2";
				INFOPLIST_FILE = fbloginSample/Info.plist;
				LD_RUNPATH_SEARCH_PATHS = "$(inherited) @executable_path/Frameworks";
				PRODUCT_BUNDLE_IDENTIFIER = ayyaz.fbloginSample;
				PRODUCT_NAME = "$(TARGET_NAME)";
				SWIFT_OBJC_BRIDGING_HEADER = "fbloginSample/Bridging-Header.h";
			};
			name = Debug;
		};
		8FB4F17C1D58BEED00BAB3AD /* Release */ = {
			isa = XCBuildConfiguration;
			baseConfigurationReference = E525F94FE173B1F5DA58BEB3 /* Pods-fbloginSample.release.xcconfig */;
			buildSettings = {
				ASSETCATALOG_COMPILER_APPICON_NAME = AppIcon;
				FRAMEWORK_SEARCH_PATHS = "~/Documents/FacebookSDKs-iOS-4-2";
				INFOPLIST_FILE = fbloginSample/Info.plist;
				LD_RUNPATH_SEARCH_PATHS = "$(inherited) @executable_path/Frameworks";
				PRODUCT_BUNDLE_IDENTIFIER = ayyaz.fbloginSample;
				PRODUCT_NAME = "$(TARGET_NAME)";
				SWIFT_OBJC_BRIDGING_HEADER = "fbloginSample/Bridging-Header.h";
			};
			name = Release;
		};
/* End XCBuildConfiguration section */

/* Begin XCConfigurationList section */
		8FB4F1631D58BEED00BAB3AD /* Build configuration list for PBXProject "fbloginSample" */ = {
			isa = XCConfigurationList;
			buildConfigurations = (
				8FB4F1781D58BEED00BAB3AD /* Debug */,
				8FB4F1791D58BEED00BAB3AD /* Release */,
			);
			defaultConfigurationIsVisible = 0;
			defaultConfigurationName = Release;
		};
		8FB4F17A1D58BEED00BAB3AD /* Build configuration list for PBXNativeTarget "fbloginSample" */ = {
			isa = XCConfigurationList;
			buildConfigurations = (
				8FB4F17B1D58BEED00BAB3AD /* Debug */,
				8FB4F17C1D58BEED00BAB3AD /* Release */,
			);
			defaultConfigurationIsVisible = 0;
			defaultConfigurationName = Release;
		};
/* End XCConfigurationList section */
	};
	rootObject = 8FB4F1601D58BEED00BAB3AD /* Project object */;
}
