// !$*UTF8*$!
{
	archiveVersion = 1;
	classes = {
	};
	objectVersion = 46;
	objects = {

/* Begin PBXBuildFile section */
		8FAA8C781D59C08700F4CA02 /* AppDelegate.swift in Sources */ = {isa = PBXBuildFile; fileRef = 8FAA8C771D59C08700F4CA02 /* AppDelegate.swift */; };
		8FAA8C7A1D59C08700F4CA02 /* ViewController.swift in Sources */ = {isa = PBXBuildFile; fileRef = 8FAA8C791D59C08700F4CA02 /* ViewController.swift */; };
		8FAA8C7D1D59C08700F4CA02 /* Main.storyboard in Resources */ = {isa = PBXBuildFile; fileRef = 8FAA8C7B1D59C08700F4CA02 /* Main.storyboard */; };
		8FAA8C7F1D59C08700F4CA02 /* Assets.xcassets in Resources */ = {isa = PBXBuildFile; fileRef = 8FAA8C7E1D59C08700F4CA02 /* Assets.xcassets */; };
		8FAA8C821D59C08700F4CA02 /* LaunchScreen.storyboard in Resources */ = {isa = PBXBuildFile; fileRef = 8FAA8C801D59C08700F4CA02 /* LaunchScreen.storyboard */; };
		8FAA8C8E1D59C32800F4CA02 /* Fabric.framework in Frameworks */ = {isa = PBXBuildFile; fileRef = 8FAA8C8A1D59C32800F4CA02 /* Fabric.framework */; };
		8FAA8C8F1D59C32800F4CA02 /* TwitterKit.framework in Frameworks */ = {isa = PBXBuildFile; fileRef = 8FAA8C8B1D59C32800F4CA02 /* TwitterKit.framework */; };
		8FAA8C901D59C32800F4CA02 /* TwitterKitResources.bundle in Resources */ = {isa = PBXBuildFile; fileRef = 8FAA8C8C1D59C32800F4CA02 /* TwitterKitResources.bundle */; };
		8FAA8C911D59C32800F4CA02 /* TwitterCore.framework in Frameworks */ = {isa = PBXBuildFile; fileRef = 8FAA8C8D1D59C32800F4CA02 /* TwitterCore.framework */; };
/* End PBXBuildFile section */

/* Begin PBXFileReference section */
		8FAA8C741D59C08700F4CA02 /* twitterLogin.app */ = {isa = PBXFileReference; explicitFileType = wrapper.application; includeInIndex = 0; path = twitterLogin.app; sourceTree = BUILT_PRODUCTS_DIR; };
		8FAA8C771D59C08700F4CA02 /* AppDelegate.swift */ = {isa = PBXFileReference; lastKnownFileType = sourcecode.swift; path = AppDelegate.swift; sourceTree = "<group>"; };
		8FAA8C791D59C08700F4CA02 /* ViewController.swift */ = {isa = PBXFileReference; lastKnownFileType = sourcecode.swift; path = ViewController.swift; sourceTree = "<group>"; };
		8FAA8C7C1D59C08700F4CA02 /* Base */ = {isa = PBXFileReference; lastKnownFileType = file.storyboard; name = Base; path = Base.lproj/Main.storyboard; sourceTree = "<group>"; };
		8FAA8C7E1D59C08700F4CA02 /* Assets.xcassets */ = {isa = PBXFileReference; lastKnownFileType = folder.assetcatalog; path = Assets.xcassets; sourceTree = "<group>"; };
		8FAA8C811D59C08700F4CA02 /* Base */ = {isa = PBXFileReference; lastKnownFileType = file.storyboard; name = Base; path = Base.lproj/LaunchScreen.storyboard; sourceTree = "<group>"; };
		8FAA8C831D59C08700F4CA02 /* Info.plist */ = {isa = PBXFileReference; lastKnownFileType = text.plist.xml; path = Info.plist; sourceTree = "<group>"; };
		8FAA8C8A1D59C32800F4CA02 /* Fabric.framework */ = {isa = PBXFileReference; lastKnownFileType = wrapper.framework; path = Fabric.framework; sourceTree = "<group>"; };
		8FAA8C8B1D59C32800F4CA02 /* TwitterKit.framework */ = {isa = PBXFileReference; lastKnownFileType = wrapper.framework; path = TwitterKit.framework; sourceTree = "<group>"; };
		8FAA8C8C1D59C32800F4CA02 /* TwitterKitResources.bundle */ = {isa = PBXFileReference; lastKnownFileType = "wrapper.plug-in"; name = TwitterKitResources.bundle; path = TwitterKit.framework/Versions/A/Resources/TwitterKitResources.bundle; sourceTree = "<group>"; };
		8FAA8C8D1D59C32800F4CA02 /* TwitterCore.framework */ = {isa = PBXFileReference; lastKnownFileType = wrapper.framework; path = TwitterCore.framework; sourceTree = "<group>"; };
/* End PBXFileReference section */

/* Begin PBXFrameworksBuildPhase section */
		8FAA8C711D59C08700F4CA02 /* Frameworks */ = {
			isa = PBXFrameworksBuildPhase;
			buildActionMask = 2147483647;
			files = (
				8FAA8C8E1D59C32800F4CA02 /* Fabric.framework in Frameworks */,
				8FAA8C911D59C32800F4CA02 /* TwitterCore.framework in Frameworks */,
				8FAA8C8F1D59C32800F4CA02 /* TwitterKit.framework in Frameworks */,
			);
			runOnlyForDeploymentPostprocessing = 0;
		};
/* End PBXFrameworksBuildPhase section */

/* Begin PBXGroup section */
		8FAA8C6B1D59C08700F4CA02 = {
			isa = PBXGroup;
			children = (
				8FAA8C8A1D59C32800F4CA02 /* Fabric.framework */,
				8FAA8C8B1D59C32800F4CA02 /* TwitterKit.framework */,
				8FAA8C8C1D59C32800F4CA02 /* TwitterKitResources.bundle */,
				8FAA8C8D1D59C32800F4CA02 /* TwitterCore.framework */,
				8FAA8C761D59C08700F4CA02 /* twitterLogin */,
				8FAA8C751D59C08700F4CA02 /* Products */,
			);
			sourceTree = "<group>";
		};
		8FAA8C751D59C08700F4CA02 /* Products */ = {
			isa = PBXGroup;
			children = (
				8FAA8C741D59C08700F4CA02 /* twitterLogin.app */,
			);
			name = Products;
			sourceTree = "<group>";
		};
		8FAA8C761D59C08700F4CA02 /* twitterLogin */ = {
			isa = PBXGroup;
			children = (
				8FAA8C771D59C08700F4CA02 /* AppDelegate.swift */,
				8FAA8C791D59C08700F4CA02 /* ViewController.swift */,
				8FAA8C7B1D59C08700F4CA02 /* Main.storyboard */,
				8FAA8C7E1D59C08700F4CA02 /* Assets.xcassets */,
				8FAA8C801D59C08700F4CA02 /* LaunchScreen.storyboard */,
				8FAA8C831D59C08700F4CA02 /* Info.plist */,
			);
			path = twitterLogin;
			sourceTree = "<group>";
		};
/* End PBXGroup section */

/* Begin PBXNativeTarget section */
		8FAA8C731D59C08700F4CA02 /* twitterLogin */ = {
			isa = PBXNativeTarget;
			buildConfigurationList = 8FAA8C861D59C08700F4CA02 /* Build configuration list for PBXNativeTarget "twitterLogin" */;
			buildPhases = (
				8FAA8C701D59C08700F4CA02 /* Sources */,
				8FAA8C711D59C08700F4CA02 /* Frameworks */,
				8FAA8C721D59C08700F4CA02 /* Resources */,
				8FAA8C891D59C1A300F4CA02 /* ShellScript */,
			);
			buildRules = (
			);
			dependencies = (
			);
			name = twitterLogin;
			productName = twitterLogin;
			productReference = 8FAA8C741D59C08700F4CA02 /* twitterLogin.app */;
			productType = "com.apple.product-type.application";
		};
/* End PBXNativeTarget section */

/* Begin PBXProject section */
		8FAA8C6C1D59C08700F4CA02 /* Project object */ = {
			isa = PBXProject;
			attributes = {
				LastSwiftUpdateCheck = 0730;
				LastUpgradeCheck = 0730;
				ORGANIZATIONNAME = tarar;
				TargetAttributes = {
					8FAA8C731D59C08700F4CA02 = {
						CreatedOnToolsVersion = 7.3.1;
					};
				};
			};
			buildConfigurationList = 8FAA8C6F1D59C08700F4CA02 /* Build configuration list for PBXProject "twitterLogin" */;
			compatibilityVersion = "Xcode 3.2";
			developmentRegion = English;
			hasScannedForEncodings = 0;
			knownRegions = (
				en,
				Base,
			);
			mainGroup = 8FAA8C6B1D59C08700F4CA02;
			productRefGroup = 8FAA8C751D59C08700F4CA02 /* Products */;
			projectDirPath = "";
			projectRoot = "";
			targets = (
				8FAA8C731D59C08700F4CA02 /* twitterLogin */,
			);
		};
/* End PBXProject section */

/* Begin PBXResourcesBuildPhase section */
		8FAA8C721D59C08700F4CA02 /* Resources */ = {
			isa = PBXResourcesBuildPhase;
			buildActionMask = 2147483647;
			files = (
				8FAA8C901D59C32800F4CA02 /* TwitterKitResources.bundle in Resources */,
				8FAA8C821D59C08700F4CA02 /* LaunchScreen.storyboard in Resources */,
				8FAA8C7F1D59C08700F4CA02 /* Assets.xcassets in Resources */,
				8FAA8C7D1D59C08700F4CA02 /* Main.storyboard in Resources */,
			);
			runOnlyForDeploymentPostprocessing = 0;
		};
/* End PBXResourcesBuildPhase section */

/* Begin PBXShellScriptBuildPhase section */
		8FAA8C891D59C1A300F4CA02 /* ShellScript */ = {
			isa = PBXShellScriptBuildPhase;
			buildActionMask = 2147483647;
			files = (
			);
			inputPaths = (
			);
			outputPaths = (
			);
			runOnlyForDeploymentPostprocessing = 0;
			shellPath = /bin/sh;
			shellScript = "./Fabric.framework/run a98aaf4d2e1dcb01df149aa6cdefecf7dd3a1f67 03e50d661fb0e04027670d73c72195b6792559d4807f256ec7e4a4d72a66e89b";
		};
/* End PBXShellScriptBuildPhase section */

/* Begin PBXSourcesBuildPhase section */
		8FAA8C701D59C08700F4CA02 /* Sources */ = {
			isa = PBXSourcesBuildPhase;
			buildActionMask = 2147483647;
			files = (
				8FAA8C7A1D59C08700F4CA02 /* ViewController.swift in Sources */,
				8FAA8C781D59C08700F4CA02 /* AppDelegate.swift in Sources */,
			);
			runOnlyForDeploymentPostprocessing = 0;
		};
/* End PBXSourcesBuildPhase section */

/* Begin PBXVariantGroup section */
		8FAA8C7B1D59C08700F4CA02 /* Main.storyboard */ = {
			isa = PBXVariantGroup;
			children = (
				8FAA8C7C1D59C08700F4CA02 /* Base */,
			);
			name = Main.storyboard;
			sourceTree = "<group>";
		};
		8FAA8C801D59C08700F4CA02 /* LaunchScreen.storyboard */ = {
			isa = PBXVariantGroup;
			children = (
				8FAA8C811D59C08700F4CA02 /* Base */,
			);
			name = LaunchScreen.storyboard;
			sourceTree = "<group>";
		};
/* End PBXVariantGroup section */

/* Begin XCBuildConfiguration section */
		8FAA8C841D59C08700F4CA02 /* Debug */ = {
			isa = XCBuildConfiguration;
			buildSettings = {
				ALWAYS_SEARCH_USER_PATHS = NO;
				CLANG_ANALYZER_NONNULL = YES;
				CLANG_CXX_LANGUAGE_STANDARD = "gnu++0x";
				CLANG_CXX_LIBRARY = "libc++";
				CLANG_ENABLE_MODULES = YES;
				CLANG_ENABLE_OBJC_ARC = YES;
				CLANG_WARN_BOOL_CONVERSION = YES;
				CLANG_WARN_CONSTANT_CONVERSION = YES;
				CLANG_WARN_DIRECT_OBJC_ISA_USAGE = YES_ERROR;
				CLANG_WARN_EMPTY_BODY = YES;
				CLANG_WARN_ENUM_CONVERSION = YES;
				CLANG_WARN_INT_CONVERSION = YES;
				CLANG_WARN_OBJC_ROOT_CLASS = YES_ERROR;
				CLANG_WARN_UNREACHABLE_CODE = YES;
				CLANG_WARN__DUPLICATE_METHOD_MATCH = YES;
				"CODE_SIGN_IDENTITY[sdk=iphoneos*]" = "iPhone Developer";
				COPY_PHASE_STRIP = NO;
				DEBUG_INFORMATION_FORMAT = dwarf;
				ENABLE_STRICT_OBJC_MSGSEND = YES;
				ENABLE_TESTABILITY = YES;
				GCC_C_LANGUAGE_STANDARD = gnu99;
				GCC_DYNAMIC_NO_PIC = NO;
				GCC_NO_COMMON_BLOCKS = YES;
				GCC_OPTIMIZATION_LEVEL = 0;
				GCC_PREPROCESSOR_DEFINITIONS = (
					"DEBUG=1",
					"$(inherited)",
				);
				GCC_WARN_64_TO_32_BIT_CONVERSION = YES;
				GCC_WARN_ABOUT_RETURN_TYPE = YES_ERROR;
				GCC_WARN_UNDECLARED_SELECTOR = YES;
				GCC_WARN_UNINITIALIZED_AUTOS = YES_AGGRESSIVE;
				GCC_WARN_UNUSED_FUNCTION = YES;
				GCC_WARN_UNUSED_VARIABLE = YES;
				IPHONEOS_DEPLOYMENT_TARGET = 9.3;
				MTL_ENABLE_DEBUG_INFO = YES;
				ONLY_ACTIVE_ARCH = YES;
				SDKROOT = iphoneos;
				SWIFT_OPTIMIZATION_LEVEL = "-Onone";
			};
			name = Debug;
		};
		8FAA8C851D59C08700F4CA02 /* Release */ = {
			isa = XCBuildConfiguration;
			buildSettings = {
				ALWAYS_SEARCH_USER_PATHS = NO;
				CLANG_ANALYZER_NONNULL = YES;
				CLANG_CXX_LANGUAGE_STANDARD = "gnu++0x";
				CLANG_CXX_LIBRARY = "libc++";
				CLANG_ENABLE_MODULES = YES;
				CLANG_ENABLE_OBJC_ARC = YES;
				CLANG_WARN_BOOL_CONVERSION = YES;
				CLANG_WARN_CONSTANT_CONVERSION = YES;
				CLANG_WARN_DIRECT_OBJC_ISA_USAGE = YES_ERROR;
				CLANG_WARN_EMPTY_BODY = YES;
				CLANG_WARN_ENUM_CONVERSION = YES;
				CLANG_WARN_INT_CONVERSION = YES;
				CLANG_WARN_OBJC_ROOT_CLASS = YES_ERROR;
				CLANG_WARN_UNREACHABLE_CODE = YES;
				CLANG_WARN__DUPLICATE_METHOD_MATCH = YES;
				"CODE_SIGN_IDENTITY[sdk=iphoneos*]" = "iPhone Developer";
				COPY_PHASE_STRIP = NO;
				DEBUG_INFORMATION_FORMAT = "dwarf-with-dsym";
				ENABLE_NS_ASSERTIONS = NO;
				ENABLE_STRICT_OBJC_MSGSEND = YES;
				GCC_C_LANGUAGE_STANDARD = gnu99;
				GCC_NO_COMMON_BLOCKS = YES;
				GCC_WARN_64_TO_32_BIT_CONVERSION = YES;
				GCC_WARN_ABOUT_RETURN_TYPE = YES_ERROR;
				GCC_WARN_UNDECLARED_SELECTOR = YES;
				GCC_WARN_UNINITIALIZED_AUTOS = YES_AGGRESSIVE;
				GCC_WARN_UNUSED_FUNCTION = YES;
				GCC_WARN_UNUSED_VARIABLE = YES;
				IPHONEOS_DEPLOYMENT_TARGET = 9.3;
				MTL_ENABLE_DEBUG_INFO = NO;
				SDKROOT = iphoneos;
				VALIDATE_PRODUCT = YES;
			};
			name = Release;
		};
		8FAA8C871D59C08700F4CA02 /* Debug */ = {
			isa = XCBuildConfiguration;
			buildSettings = {
				ASSETCATALOG_COMPILER_APPICON_NAME = AppIcon;
				FRAMEWORK_SEARCH_PATHS = (
					"$(inherited)",
					"$(PROJECT_DIR)",
				);
				INFOPLIST_FILE = twitterLogin/Info.plist;
				LD_RUNPATH_SEARCH_PATHS = "$(inherited) @executable_path/Frameworks";
				PRODUCT_BUNDLE_IDENTIFIER = ayyaz.twitterLogin;
				PRODUCT_NAME = "$(TARGET_NAME)";
			};
			name = Debug;
		};
		8FAA8C881D59C08700F4CA02 /* Release */ = {
			isa = XCBuildConfiguration;
			buildSettings = {
				ASSETCATALOG_COMPILER_APPICON_NAME = AppIcon;
				FRAMEWORK_SEARCH_PATHS = (
					"$(inherited)",
					"$(PROJECT_DIR)",
				);
				INFOPLIST_FILE = twitterLogin/Info.plist;
				LD_RUNPATH_SEARCH_PATHS = "$(inherited) @executable_path/Frameworks";
				PRODUCT_BUNDLE_IDENTIFIER = ayyaz.twitterLogin;
				PRODUCT_NAME = "$(TARGET_NAME)";
			};
			name = Release;
		};
/* End XCBuildConfiguration section */

/* Begin XCConfigurationList section */
		8FAA8C6F1D59C08700F4CA02 /* Build configuration list for PBXProject "twitterLogin" */ = {
			isa = XCConfigurationList;
			buildConfigurations = (
				8FAA8C841D59C08700F4CA02 /* Debug */,
				8FAA8C851D59C08700F4CA02 /* Release */,
			);
			defaultConfigurationIsVisible = 0;
			defaultConfigurationName = Release;
		};
		8FAA8C861D59C08700F4CA02 /* Build configuration list for PBXNativeTarget "twitterLogin" */ = {
			isa = XCConfigurationList;
			buildConfigurations = (
				8FAA8C871D59C08700F4CA02 /* Debug */,
				8FAA8C881D59C08700F4CA02 /* Release */,
			);
			defaultConfigurationIsVisible = 0;
		};
/* End XCConfigurationList section */
	};
	rootObject = 8FAA8C6C1D59C08700F4CA02 /* Project object */;
}
