// !$*UTF8*$!
{
	archiveVersion = 1;
	classes = {
	};
	objectVersion = 46;
	objects = {

/* Begin PBXBuildFile section */
		8F1267A81D561E790064E428 /* AppDelegate.swift in Sources */ = {isa = PBXBuildFile; fileRef = 8F1267A71D561E790064E428 /* AppDelegate.swift */; };
		8F1267AA1D561E790064E428 /* ViewController.swift in Sources */ = {isa = PBXBuildFile; fileRef = 8F1267A91D561E790064E428 /* ViewController.swift */; };
		8F1267AD1D561E790064E428 /* Main.storyboard in Resources */ = {isa = PBXBuildFile; fileRef = 8F1267AB1D561E790064E428 /* Main.storyboard */; };
		8F1267AF1D561E790064E428 /* Assets.xcassets in Resources */ = {isa = PBXBuildFile; fileRef = 8F1267AE1D561E790064E428 /* Assets.xcassets */; };
		8F1267B21D561E790064E428 /* LaunchScreen.storyboard in Resources */ = {isa = PBXBuildFile; fileRef = 8F1267B01D561E790064E428 /* LaunchScreen.storyboard */; };
		8F1267BA1D561E880064E428 /* GoogleService-Info.plist in Resources */ = {isa = PBXBuildFile; fileRef = 8F1267B91D561E880064E428 /* GoogleService-Info.plist */; };
		D2481261547C4FBA425AD5BE /* Pods_fireBaseDemo.framework in Frameworks */ = {isa = PBXBuildFile; fileRef = AD1966E22715D04A609C920E /* Pods_fireBaseDemo.framework */; };
/* End PBXBuildFile section */

/* Begin PBXFileReference section */
		54402F0CD1E5AC662BA13F5D /* Pods-fireBaseDemo.release.xcconfig */ = {isa = PBXFileReference; includeInIndex = 1; lastKnownFileType = text.xcconfig; name = "Pods-fireBaseDemo.release.xcconfig"; path = "Pods/Target Support Files/Pods-fireBaseDemo/Pods-fireBaseDemo.release.xcconfig"; sourceTree = "<group>"; };
		7B6990BE3DE4BA35F636F328 /* Pods-fireBaseDemo.debug.xcconfig */ = {isa = PBXFileReference; includeInIndex = 1; lastKnownFileType = text.xcconfig; name = "Pods-fireBaseDemo.debug.xcconfig"; path = "Pods/Target Support Files/Pods-fireBaseDemo/Pods-fireBaseDemo.debug.xcconfig"; sourceTree = "<group>"; };
		8F1267A41D561E790064E428 /* fireBaseDemo.app */ = {isa = PBXFileReference; explicitFileType = wrapper.application; includeInIndex = 0; path = fireBaseDemo.app; sourceTree = BUILT_PRODUCTS_DIR; };
		8F1267A71D561E790064E428 /* AppDelegate.swift */ = {isa = PBXFileReference; lastKnownFileType = sourcecode.swift; path = AppDelegate.swift; sourceTree = "<group>"; };
		8F1267A91D561E790064E428 /* ViewController.swift */ = {isa = PBXFileReference; lastKnownFileType = sourcecode.swift; path = ViewController.swift; sourceTree = "<group>"; };
		8F1267AC1D561E790064E428 /* Base */ = {isa = PBXFileReference; lastKnownFileType = file.storyboard; name = Base; path = Base.lproj/Main.storyboard; sourceTree = "<group>"; };
		8F1267AE1D561E790064E428 /* Assets.xcassets */ = {isa = PBXFileReference; lastKnownFileType = folder.assetcatalog; path = Assets.xcassets; sourceTree = "<group>"; };
		8F1267B11D561E790064E428 /* Base */ = {isa = PBXFileReference; lastKnownFileType = file.storyboard; name = Base; path = Base.lproj/LaunchScreen.storyboard; sourceTree = "<group>"; };
		8F1267B31D561E790064E428 /* Info.plist */ = {isa = PBXFileReference; lastKnownFileType = text.plist.xml; path = Info.plist; sourceTree = "<group>"; };
		8F1267B91D561E880064E428 /* GoogleService-Info.plist */ = {isa = PBXFileReference; fileEncoding = 4; lastKnownFileType = text.plist.xml; path = "GoogleService-Info.plist"; sourceTree = "<group>"; };
		AD1966E22715D04A609C920E /* Pods_fireBaseDemo.framework */ = {isa = PBXFileReference; explicitFileType = wrapper.framework; includeInIndex = 0; path = Pods_fireBaseDemo.framework; sourceTree = BUILT_PRODUCTS_DIR; };
/* End PBXFileReference section */

/* Begin PBXFrameworksBuildPhase section */
		8F1267A11D561E790064E428 /* Frameworks */ = {
			isa = PBXFrameworksBuildPhase;
			buildActionMask = 2147483647;
			files = (
				D2481261547C4FBA425AD5BE /* Pods_fireBaseDemo.framework in Frameworks */,
			);
			runOnlyForDeploymentPostprocessing = 0;
		};
/* End PBXFrameworksBuildPhase section */

/* Begin PBXGroup section */
		456F1B984C35F1542BCCD2B1 /* Frameworks */ = {
			isa = PBXGroup;
			children = (
				AD1966E22715D04A609C920E /* Pods_fireBaseDemo.framework */,
			);
			name = Frameworks;
			sourceTree = "<group>";
		};
		8F12679B1D561E790064E428 = {
			isa = PBXGroup;
			children = (
				8F1267A61D561E790064E428 /* fireBaseDemo */,
				8F1267A51D561E790064E428 /* Products */,
				BA0F6345C13F21730C8042E9 /* Pods */,
				456F1B984C35F1542BCCD2B1 /* Frameworks */,
			);
			sourceTree = "<group>";
		};
		8F1267A51D561E790064E428 /* Products */ = {
			isa = PBXGroup;
			children = (
				8F1267A41D561E790064E428 /* fireBaseDemo.app */,
			);
			name = Products;
			sourceTree = "<group>";
		};
		8F1267A61D561E790064E428 /* fireBaseDemo */ = {
			isa = PBXGroup;
			children = (
				8F1267B91D561E880064E428 /* GoogleService-Info.plist */,
				8F1267A71D561E790064E428 /* AppDelegate.swift */,
				8F1267A91D561E790064E428 /* ViewController.swift */,
				8F1267AB1D561E790064E428 /* Main.storyboard */,
				8F1267AE1D561E790064E428 /* Assets.xcassets */,
				8F1267B01D561E790064E428 /* LaunchScreen.storyboard */,
				8F1267B31D561E790064E428 /* Info.plist */,
			);
			path = fireBaseDemo;
			sourceTree = "<group>";
		};
		BA0F6345C13F21730C8042E9 /* Pods */ = {
			isa = PBXGroup;
			children = (
				7B6990BE3DE4BA35F636F328 /* Pods-fireBaseDemo.debug.xcconfig */,
				54402F0CD1E5AC662BA13F5D /* Pods-fireBaseDemo.release.xcconfig */,
			);
			name = Pods;
			sourceTree = "<group>";
		};
/* End PBXGroup section */

/* Begin PBXNativeTarget section */
		8F1267A31D561E790064E428 /* fireBaseDemo */ = {
			isa = PBXNativeTarget;
			buildConfigurationList = 8F1267B61D561E790064E428 /* Build configuration list for PBXNativeTarget "fireBaseDemo" */;
			buildPhases = (
				DEF7617ABE0C1747D8E62848 /* [CP] Check Pods Manifest.lock */,
				8F1267A01D561E790064E428 /* Sources */,
				8F1267A11D561E790064E428 /* Frameworks */,
				8F1267A21D561E790064E428 /* Resources */,
				735BBB55680C3A967C546A7C /* [CP] Embed Pods Frameworks */,
				A598DAF89B5968D8BC5CBFB6 /* [CP] Copy Pods Resources */,
			);
			buildRules = (
			);
			dependencies = (
			);
			name = fireBaseDemo;
			productName = fireBaseDemo;
			productReference = 8F1267A41D561E790064E428 /* fireBaseDemo.app */;
			productType = "com.apple.product-type.application";
		};
/* End PBXNativeTarget section */

/* Begin PBXProject section */
		8F12679C1D561E790064E428 /* Project object */ = {
			isa = PBXProject;
			attributes = {
				LastSwiftUpdateCheck = 0730;
				LastUpgradeCheck = 0730;
				ORGANIZATIONNAME = tarar;
				TargetAttributes = {
					8F1267A31D561E790064E428 = {
						CreatedOnToolsVersion = 7.3.1;
					};
				};
			};
			buildConfigurationList = 8F12679F1D561E790064E428 /* Build configuration list for PBXProject "fireBaseDemo" */;
			compatibilityVersion = "Xcode 3.2";
			developmentRegion = English;
			hasScannedForEncodings = 0;
			knownRegions = (
				en,
				Base,
			);
			mainGroup = 8F12679B1D561E790064E428;
			productRefGroup = 8F1267A51D561E790064E428 /* Products */;
			projectDirPath = "";
			projectRoot = "";
			targets = (
				8F1267A31D561E790064E428 /* fireBaseDemo */,
			);
		};
/* End PBXProject section */

/* Begin PBXResourcesBuildPhase section */
		8F1267A21D561E790064E428 /* Resources */ = {
			isa = PBXResourcesBuildPhase;
			buildActionMask = 2147483647;
			files = (
				8F1267B21D561E790064E428 /* LaunchScreen.storyboard in Resources */,
				8F1267BA1D561E880064E428 /* GoogleService-Info.plist in Resources */,
				8F1267AF1D561E790064E428 /* Assets.xcassets in Resources */,
				8F1267AD1D561E790064E428 /* Main.storyboard in Resources */,
			);
			runOnlyForDeploymentPostprocessing = 0;
		};
/* End PBXResourcesBuildPhase section */

/* Begin PBXShellScriptBuildPhase section */
		735BBB55680C3A967C546A7C /* [CP] Embed Pods Frameworks */ = {
			isa = PBXShellScriptBuildPhase;
			buildActionMask = 2147483647;
			files = (
			);
			inputPaths = (
			);
			name = "[CP] Embed Pods Frameworks";
			outputPaths = (
			);
			runOnlyForDeploymentPostprocessing = 0;
			shellPath = /bin/sh;
			shellScript = "\"${SRCROOT}/Pods/Target Support Files/Pods-fireBaseDemo/Pods-fireBaseDemo-frameworks.sh\"\n";
			showEnvVarsInLog = 0;
		};
		A598DAF89B5968D8BC5CBFB6 /* [CP] Copy Pods Resources */ = {
			isa = PBXShellScriptBuildPhase;
			buildActionMask = 2147483647;
			files = (
			);
			inputPaths = (
			);
			name = "[CP] Copy Pods Resources";
			outputPaths = (
			);
			runOnlyForDeploymentPostprocessing = 0;
			shellPath = /bin/sh;
			shellScript = "\"${SRCROOT}/Pods/Target Support Files/Pods-fireBaseDemo/Pods-fireBaseDemo-resources.sh\"\n";
			showEnvVarsInLog = 0;
		};
		DEF7617ABE0C1747D8E62848 /* [CP] Check Pods Manifest.lock */ = {
			isa = PBXShellScriptBuildPhase;
			buildActionMask = 2147483647;
			files = (
			);
			inputPaths = (
			);
			name = "[CP] Check Pods Manifest.lock";
			outputPaths = (
			);
			runOnlyForDeploymentPostprocessing = 0;
			shellPath = /bin/sh;
			shellScript = "diff \"${PODS_ROOT}/../Podfile.lock\" \"${PODS_ROOT}/Manifest.lock\" > /dev/null\nif [[ $? != 0 ]] ; then\n    cat << EOM\nerror: The sandbox is not in sync with the Podfile.lock. Run 'pod install' or update your CocoaPods installation.\nEOM\n    exit 1\nfi\n";
			showEnvVarsInLog = 0;
		};
/* End PBXShellScriptBuildPhase section */

/* Begin PBXSourcesBuildPhase section */
		8F1267A01D561E790064E428 /* Sources */ = {
			isa = PBXSourcesBuildPhase;
			buildActionMask = 2147483647;
			files = (
				8F1267AA1D561E790064E428 /* ViewController.swift in Sources */,
				8F1267A81D561E790064E428 /* AppDelegate.swift in Sources */,
			);
			runOnlyForDeploymentPostprocessing = 0;
		};
/* End PBXSourcesBuildPhase section */

/* Begin PBXVariantGroup section */
		8F1267AB1D561E790064E428 /* Main.storyboard */ = {
			isa = PBXVariantGroup;
			children = (
				8F1267AC1D561E790064E428 /* Base */,
			);
			name = Main.storyboard;
			sourceTree = "<group>";
		};
		8F1267B01D561E790064E428 /* LaunchScreen.storyboard */ = {
			isa = PBXVariantGroup;
			children = (
				8F1267B11D561E790064E428 /* Base */,
			);
			name = LaunchScreen.storyboard;
			sourceTree = "<group>";
		};
/* End PBXVariantGroup section */

/* Begin XCBuildConfiguration section */
		8F1267B41D561E790064E428 /* Debug */ = {
			isa = XCBuildConfiguration;
			buildSettings = {
				ALWAYS_SEARCH_USER_PATHS = NO;
				CLANG_ANALYZER_NONNULL = YES;
				CLANG_CXX_LANGUAGE_STANDARD = "gnu++0x";
				CLANG_CXX_LIBRARY = "libc++";
				CLANG_ENABLE_MODULES = YES;
				CLANG_ENABLE_OBJC_ARC = YES;
				CLANG_WARN_BOOL_CONVERSION = YES;
				CLANG_WARN_CONSTANT_CONVERSION = YES;
				CLANG_WARN_DIRECT_OBJC_ISA_USAGE = YES_ERROR;
				CLANG_WARN_EMPTY_BODY = YES;
				CLANG_WARN_ENUM_CONVERSION = YES;
				CLANG_WARN_INT_CONVERSION = YES;
				CLANG_WARN_OBJC_ROOT_CLASS = YES_ERROR;
				CLANG_WARN_UNREACHABLE_CODE = YES;
				CLANG_WARN__DUPLICATE_METHOD_MATCH = YES;
				"CODE_SIGN_IDENTITY[sdk=iphoneos*]" = "iPhone Developer";
				COPY_PHASE_STRIP = NO;
				DEBUG_INFORMATION_FORMAT = dwarf;
				ENABLE_STRICT_OBJC_MSGSEND = YES;
				ENABLE_TESTABILITY = YES;
				GCC_C_LANGUAGE_STANDARD = gnu99;
				GCC_DYNAMIC_NO_PIC = NO;
				GCC_NO_COMMON_BLOCKS = YES;
				GCC_OPTIMIZATION_LEVEL = 0;
				GCC_PREPROCESSOR_DEFINITIONS = (
					"DEBUG=1",
					"$(inherited)",
				);
				GCC_WARN_64_TO_32_BIT_CONVERSION = YES;
				GCC_WARN_ABOUT_RETURN_TYPE = YES_ERROR;
				GCC_WARN_UNDECLARED_SELECTOR = YES;
				GCC_WARN_UNINITIALIZED_AUTOS = YES_AGGRESSIVE;
				GCC_WARN_UNUSED_FUNCTION = YES;
				GCC_WARN_UNUSED_VARIABLE = YES;
				IPHONEOS_DEPLOYMENT_TARGET = 9.3;
				MTL_ENABLE_DEBUG_INFO = YES;
				ONLY_ACTIVE_ARCH = YES;
				SDKROOT = iphoneos;
				SWIFT_OPTIMIZATION_LEVEL = "-Onone";
			};
			name = Debug;
		};
		8F1267B51D561E790064E428 /* Release */ = {
			isa = XCBuildConfiguration;
			buildSettings = {
				ALWAYS_SEARCH_USER_PATHS = NO;
				CLANG_ANALYZER_NONNULL = YES;
				CLANG_CXX_LANGUAGE_STANDARD = "gnu++0x";
				CLANG_CXX_LIBRARY = "libc++";
				CLANG_ENABLE_MODULES = YES;
				CLANG_ENABLE_OBJC_ARC = YES;
				CLANG_WARN_BOOL_CONVERSION = YES;
				CLANG_WARN_CONSTANT_CONVERSION = YES;
				CLANG_WARN_DIRECT_OBJC_ISA_USAGE = YES_ERROR;
				CLANG_WARN_EMPTY_BODY = YES;
				CLANG_WARN_ENUM_CONVERSION = YES;
				CLANG_WARN_INT_CONVERSION = YES;
				CLANG_WARN_OBJC_ROOT_CLASS = YES_ERROR;
				CLANG_WARN_UNREACHABLE_CODE = YES;
				CLANG_WARN__DUPLICATE_METHOD_MATCH = YES;
				"CODE_SIGN_IDENTITY[sdk=iphoneos*]" = "iPhone Developer";
				COPY_PHASE_STRIP = NO;
				DEBUG_INFORMATION_FORMAT = "dwarf-with-dsym";
				ENABLE_NS_ASSERTIONS = NO;
				ENABLE_STRICT_OBJC_MSGSEND = YES;
				GCC_C_LANGUAGE_STANDARD = gnu99;
				GCC_NO_COMMON_BLOCKS = YES;
				GCC_WARN_64_TO_32_BIT_CONVERSION = YES;
				GCC_WARN_ABOUT_RETURN_TYPE = YES_ERROR;
				GCC_WARN_UNDECLARED_SELECTOR = YES;
				GCC_WARN_UNINITIALIZED_AUTOS = YES_AGGRESSIVE;
				GCC_WARN_UNUSED_FUNCTION = YES;
				GCC_WARN_UNUSED_VARIABLE = YES;
				IPHONEOS_DEPLOYMENT_TARGET = 9.3;
				MTL_ENABLE_DEBUG_INFO = NO;
				SDKROOT = iphoneos;
				VALIDATE_PRODUCT = YES;
			};
			name = Release;
		};
		8F1267B71D561E790064E428 /* Debug */ = {
			isa = XCBuildConfiguration;
			baseConfigurationReference = 7B6990BE3DE4BA35F636F328 /* Pods-fireBaseDemo.debug.xcconfig */;
			buildSettings = {
				ASSETCATALOG_COMPILER_APPICON_NAME = AppIcon;
				INFOPLIST_FILE = fireBaseDemo/Info.plist;
				LD_RUNPATH_SEARCH_PATHS = "$(inherited) @executable_path/Frameworks";
				PRODUCT_BUNDLE_IDENTIFIER = ayyaz.fireBaseDemo;
				PRODUCT_NAME = "$(TARGET_NAME)";
			};
			name = Debug;
		};
		8F1267B81D561E790064E428 /* Release */ = {
			isa = XCBuildConfiguration;
			baseConfigurationReference = 54402F0CD1E5AC662BA13F5D /* Pods-fireBaseDemo.release.xcconfig */;
			buildSettings = {
				ASSETCATALOG_COMPILER_APPICON_NAME = AppIcon;
				INFOPLIST_FILE = fireBaseDemo/Info.plist;
				LD_RUNPATH_SEARCH_PATHS = "$(inherited) @executable_path/Frameworks";
				PRODUCT_BUNDLE_IDENTIFIER = ayyaz.fireBaseDemo;
				PRODUCT_NAME = "$(TARGET_NAME)";
			};
			name = Release;
		};
/* End XCBuildConfiguration section */

/* Begin XCConfigurationList section */
		8F12679F1D561E790064E428 /* Build configuration list for PBXProject "fireBaseDemo" */ = {
			isa = XCConfigurationList;
			buildConfigurations = (
				8F1267B41D561E790064E428 /* Debug */,
				8F1267B51D561E790064E428 /* Release */,
			);
			defaultConfigurationIsVisible = 0;
			defaultConfigurationName = Release;
		};
		8F1267B61D561E790064E428 /* Build configuration list for PBXNativeTarget "fireBaseDemo" */ = {
			isa = XCConfigurationList;
			buildConfigurations = (
				8F1267B71D561E790064E428 /* Debug */,
				8F1267B81D561E790064E428 /* Release */,
			);
			defaultConfigurationIsVisible = 0;
			defaultConfigurationName = Release;
		};
/* End XCConfigurationList section */
	};
	rootObject = 8F12679C1D561E790064E428 /* Project object */;
}
